// !$*UTF8*$!
{
	archiveVersion = 1;
	classes = {
	};
	objectVersion = 50;
	objects = {

/* Begin PBXBuildFile section */
		89C6B597240E72F000524C07 /* OptionalChaining.framework in Frameworks */ = {isa = PBXBuildFile; fileRef = 89C6B58D240E72F000524C07 /* OptionalChaining.framework */; };
		89C6B59C240E72F000524C07 /* OptionalChainingTests.swift in Sources */ = {isa = PBXBuildFile; fileRef = 89C6B59B240E72F000524C07 /* OptionalChainingTests.swift */; };
		89C6B59E240E72F000524C07 /* OptionalChaining.h in Headers */ = {isa = PBXBuildFile; fileRef = 89C6B590240E72F000524C07 /* OptionalChaining.h */; settings = {ATTRIBUTES = (Public, ); }; };
		89C6B5A8240E732B00524C07 /* OptionalChaining.swift in Sources */ = {isa = PBXBuildFile; fileRef = 89C6B5A7240E732B00524C07 /* OptionalChaining.swift */; };
/* End PBXBuildFile section */

/* Begin PBXContainerItemProxy section */
		89C6B598240E72F000524C07 /* PBXContainerItemProxy */ = {
			isa = PBXContainerItemProxy;
			containerPortal = 89C6B584240E72EF00524C07 /* Project object */;
			proxyType = 1;
			remoteGlobalIDString = 89C6B58C240E72F000524C07;
			remoteInfo = OptionalChaining;
		};
/* End PBXContainerItemProxy section */

/* Begin PBXFileReference section */
		89C6B58D240E72F000524C07 /* OptionalChaining.framework */ = {isa = PBXFileReference; explicitFileType = wrapper.framework; includeInIndex = 0; path = OptionalChaining.framework; sourceTree = BUILT_PRODUCTS_DIR; };
		89C6B590240E72F000524C07 /* OptionalChaining.h */ = {isa = PBXFileReference; lastKnownFileType = sourcecode.c.h; path = OptionalChaining.h; sourceTree = "<group>"; };
		89C6B591240E72F000524C07 /* Info.plist */ = {isa = PBXFileReference; lastKnownFileType = text.plist.xml; path = Info.plist; sourceTree = "<group>"; };
		89C6B596240E72F000524C07 /* OptionalChainingTests.xctest */ = {isa = PBXFileReference; explicitFileType = wrapper.cfbundle; includeInIndex = 0; path = OptionalChainingTests.xctest; sourceTree = BUILT_PRODUCTS_DIR; };
		89C6B59B240E72F000524C07 /* OptionalChainingTests.swift */ = {isa = PBXFileReference; lastKnownFileType = sourcecode.swift; path = OptionalChainingTests.swift; sourceTree = "<group>"; };
		89C6B59D240E72F000524C07 /* Info.plist */ = {isa = PBXFileReference; lastKnownFileType = text.plist.xml; path = Info.plist; sourceTree = "<group>"; };
		89C6B5A7240E732B00524C07 /* OptionalChaining.swift */ = {isa = PBXFileReference; lastKnownFileType = sourcecode.swift; path = OptionalChaining.swift; sourceTree = "<group>"; };
/* End PBXFileReference section */

/* Begin PBXFrameworksBuildPhase section */
		89C6B58A240E72F000524C07 /* Frameworks */ = {
			isa = PBXFrameworksBuildPhase;
			buildActionMask = 2147483647;
			files = (
			);
			runOnlyForDeploymentPostprocessing = 0;
		};
		89C6B593240E72F000524C07 /* Frameworks */ = {
			isa = PBXFrameworksBuildPhase;
			buildActionMask = 2147483647;
			files = (
				89C6B597240E72F000524C07 /* OptionalChaining.framework in Frameworks */,
			);
			runOnlyForDeploymentPostprocessing = 0;
		};
/* End PBXFrameworksBuildPhase section */

/* Begin PBXGroup section */
		89C6B583240E72EF00524C07 = {
			isa = PBXGroup;
			children = (
				89C6B58F240E72F000524C07 /* OptionalChaining */,
				89C6B59A240E72F000524C07 /* OptionalChainingTests */,
				89C6B58E240E72F000524C07 /* Products */,
			);
			sourceTree = "<group>";
		};
		89C6B58E240E72F000524C07 /* Products */ = {
			isa = PBXGroup;
			children = (
				89C6B58D240E72F000524C07 /* OptionalChaining.framework */,
				89C6B596240E72F000524C07 /* OptionalChainingTests.xctest */,
			);
			name = Products;
			sourceTree = "<group>";
		};
		89C6B58F240E72F000524C07 /* OptionalChaining */ = {
			isa = PBXGroup;
			children = (
				89C6B590240E72F000524C07 /* OptionalChaining.h */,
				89C6B591240E72F000524C07 /* Info.plist */,
				89C6B5A7240E732B00524C07 /* OptionalChaining.swift */,
			);
			path = OptionalChaining;
			sourceTree = "<group>";
		};
		89C6B59A240E72F000524C07 /* OptionalChainingTests */ = {
			isa = PBXGroup;
			children = (
				89C6B59B240E72F000524C07 /* OptionalChainingTests.swift */,
				89C6B59D240E72F000524C07 /* Info.plist */,
			);
			path = OptionalChainingTests;
			sourceTree = "<group>";
		};
/* End PBXGroup section */

/* Begin PBXHeadersBuildPhase section */
		89C6B588240E72F000524C07 /* Headers */ = {
			isa = PBXHeadersBuildPhase;
			buildActionMask = 2147483647;
			files = (
				89C6B59E240E72F000524C07 /* OptionalChaining.h in Headers */,
			);
			runOnlyForDeploymentPostprocessing = 0;
		};
/* End PBXHeadersBuildPhase section */

/* Begin PBXNativeTarget section */
		89C6B58C240E72F000524C07 /* OptionalChaining */ = {
			isa = PBXNativeTarget;
			buildConfigurationList = 89C6B5A1240E72F000524C07 /* Build configuration list for PBXNativeTarget "OptionalChaining" */;
			buildPhases = (
				89C6B588240E72F000524C07 /* Headers */,
				89C6B589240E72F000524C07 /* Sources */,
				89C6B58A240E72F000524C07 /* Frameworks */,
				89C6B58B240E72F000524C07 /* Resources */,
			);
			buildRules = (
			);
			dependencies = (
			);
			name = OptionalChaining;
			productName = OptionalChaining;
			productReference = 89C6B58D240E72F000524C07 /* OptionalChaining.framework */;
			productType = "com.apple.product-type.framework";
		};
		89C6B595240E72F000524C07 /* OptionalChainingTests */ = {
			isa = PBXNativeTarget;
			buildConfigurationList = 89C6B5A4240E72F000524C07 /* Build configuration list for PBXNativeTarget "OptionalChainingTests" */;
			buildPhases = (
				89C6B592240E72F000524C07 /* Sources */,
				89C6B593240E72F000524C07 /* Frameworks */,
				89C6B594240E72F000524C07 /* Resources */,
			);
			buildRules = (
			);
			dependencies = (
				89C6B599240E72F000524C07 /* PBXTargetDependency */,
			);
			name = OptionalChainingTests;
			productName = OptionalChainingTests;
			productReference = 89C6B596240E72F000524C07 /* OptionalChainingTests.xctest */;
			productType = "com.apple.product-type.bundle.unit-test";
		};
/* End PBXNativeTarget section */

/* Begin PBXProject section */
		89C6B584240E72EF00524C07 /* Project object */ = {
			isa = PBXProject;
			attributes = {
				LastSwiftUpdateCheck = 1130;
				LastUpgradeCheck = 1130;
				ORGANIZATIONNAME = "Saleh Enam Shohag";
				TargetAttributes = {
					89C6B58C240E72F000524C07 = {
						CreatedOnToolsVersion = 11.3.1;
						LastSwiftMigration = 1130;
					};
					89C6B595240E72F000524C07 = {
						CreatedOnToolsVersion = 11.3.1;
					};
				};
			};
			buildConfigurationList = 89C6B587240E72EF00524C07 /* Build configuration list for PBXProject "OptionalChaining" */;
			compatibilityVersion = "Xcode 9.3";
			developmentRegion = en;
			hasScannedForEncodings = 0;
			knownRegions = (
				en,
				Base,
			);
			mainGroup = 89C6B583240E72EF00524C07;
			productRefGroup = 89C6B58E240E72F000524C07 /* Products */;
			projectDirPath = "";
			projectRoot = "";
			targets = (
				89C6B58C240E72F000524C07 /* OptionalChaining */,
				89C6B595240E72F000524C07 /* OptionalChainingTests */,
			);
		};
/* End PBXProject section */

/* Begin PBXResourcesBuildPhase section */
		89C6B58B240E72F000524C07 /* Resources */ = {
			isa = PBXResourcesBuildPhase;
			buildActionMask = 2147483647;
			files = (
			);
			runOnlyForDeploymentPostprocessing = 0;
		};
		89C6B594240E72F000524C07 /* Resources */ = {
			isa = PBXResourcesBuildPhase;
			buildActionMask = 2147483647;
			files = (
			);
			runOnlyForDeploymentPostprocessing = 0;
		};
/* End PBXResourcesBuildPhase section */

/* Begin PBXSourcesBuildPhase section */
		89C6B589240E72F000524C07 /* Sources */ = {
			isa = PBXSourcesBuildPhase;
			buildActionMask = 2147483647;
			files = (
				89C6B5A8240E732B00524C07 /* OptionalChaining.swift in Sources */,
			);
			runOnlyForDeploymentPostprocessing = 0;
		};
		89C6B592240E72F000524C07 /* Sources */ = {
			isa = PBXSourcesBuildPhase;
			buildActionMask = 2147483647;
			files = (
				89C6B59C240E72F000524C07 /* OptionalChainingTests.swift in Sources */,
			);
			runOnlyForDeploymentPostprocessing = 0;
		};
/* End PBXSourcesBuildPhase section */

/* Begin PBXTargetDependency section */
		89C6B599240E72F000524C07 /* PBXTargetDependency */ = {
			isa = PBXTargetDependency;
			target = 89C6B58C240E72F000524C07 /* OptionalChaining */;
			targetProxy = 89C6B598240E72F000524C07 /* PBXContainerItemProxy */;
		};
/* End PBXTargetDependency section */

/* Begin XCBuildConfiguration section */
		89C6B59F240E72F000524C07 /* Debug */ = {
			isa = XCBuildConfiguration;
			buildSettings = {
				ALWAYS_SEARCH_USER_PATHS = NO;
				CLANG_ANALYZER_NONNULL = YES;
				CLANG_ANALYZER_NUMBER_OBJECT_CONVERSION = YES_AGGRESSIVE;
				CLANG_CXX_LANGUAGE_STANDARD = "gnu++14";
				CLANG_CXX_LIBRARY = "libc++";
				CLANG_ENABLE_MODULES = YES;
				CLANG_ENABLE_OBJC_ARC = YES;
				CLANG_ENABLE_OBJC_WEAK = YES;
				CLANG_WARN_BLOCK_CAPTURE_AUTORELEASING = YES;
				CLANG_WARN_BOOL_CONVERSION = YES;
				CLANG_WARN_COMMA = YES;
				CLANG_WARN_CONSTANT_CONVERSION = YES;
				CLANG_WARN_DEPRECATED_OBJC_IMPLEMENTATIONS = YES;
				CLANG_WARN_DIRECT_OBJC_ISA_USAGE = YES_ERROR;
				CLANG_WARN_DOCUMENTATION_COMMENTS = YES;
				CLANG_WARN_EMPTY_BODY = YES;
				CLANG_WARN_ENUM_CONVERSION = YES;
				CLANG_WARN_INFINITE_RECURSION = YES;
				CLANG_WARN_INT_CONVERSION = YES;
				CLANG_WARN_NON_LITERAL_NULL_CONVERSION = YES;
				CLANG_WARN_OBJC_IMPLICIT_RETAIN_SELF = YES;
				CLANG_WARN_OBJC_LITERAL_CONVERSION = YES;
				CLANG_WARN_OBJC_ROOT_CLASS = YES_ERROR;
				CLANG_WARN_RANGE_LOOP_ANALYSIS = YES;
				CLANG_WARN_STRICT_PROTOTYPES = YES;
				CLANG_WARN_SUSPICIOUS_MOVE = YES;
				CLANG_WARN_UNGUARDED_AVAILABILITY = YES_AGGRESSIVE;
				CLANG_WARN_UNREACHABLE_CODE = YES;
				CLANG_WARN__DUPLICATE_METHOD_MATCH = YES;
				COPY_PHASE_STRIP = NO;
				CURRENT_PROJECT_VERSION = 1;
				DEBUG_INFORMATION_FORMAT = dwarf;
				ENABLE_STRICT_OBJC_MSGSEND = YES;
				ENABLE_TESTABILITY = YES;
				GCC_C_LANGUAGE_STANDARD = gnu11;
				GCC_DYNAMIC_NO_PIC = NO;
				GCC_NO_COMMON_BLOCKS = YES;
				GCC_OPTIMIZATION_LEVEL = 0;
				GCC_PREPROCESSOR_DEFINITIONS = (
					"DEBUG=1",
					"$(inherited)",
				);
				GCC_WARN_64_TO_32_BIT_CONVERSION = YES;
				GCC_WARN_ABOUT_RETURN_TYPE = YES_ERROR;
				GCC_WARN_UNDECLARED_SELECTOR = YES;
				GCC_WARN_UNINITIALIZED_AUTOS = YES_AGGRESSIVE;
				GCC_WARN_UNUSED_FUNCTION = YES;
				GCC_WARN_UNUSED_VARIABLE = YES;
				IPHONEOS_DEPLOYMENT_TARGET = 13.2;
				MTL_ENABLE_DEBUG_INFO = INCLUDE_SOURCE;
				MTL_FAST_MATH = YES;
				ONLY_ACTIVE_ARCH = YES;
				SDKROOT = iphoneos;
				SWIFT_ACTIVE_COMPILATION_CONDITIONS = DEBUG;
				SWIFT_OPTIMIZATION_LEVEL = "-Onone";
				VERSIONING_SYSTEM = "apple-generic";
				VERSION_INFO_PREFIX = "";
			};
			name = Debug;
		};
		89C6B5A0240E72F000524C07 /* Release */ = {
			isa = XCBuildConfiguration;
			buildSettings = {
				ALWAYS_SEARCH_USER_PATHS = NO;
				CLANG_ANALYZER_NONNULL = YES;
				CLANG_ANALYZER_NUMBER_OBJECT_CONVERSION = YES_AGGRESSIVE;
				CLANG_CXX_LANGUAGE_STANDARD = "gnu++14";
				CLANG_CXX_LIBRARY = "libc++";
				CLANG_ENABLE_MODULES = YES;
				CLANG_ENABLE_OBJC_ARC = YES;
				CLANG_ENABLE_OBJC_WEAK = YES;
				CLANG_WARN_BLOCK_CAPTURE_AUTORELEASING = YES;
				CLANG_WARN_BOOL_CONVERSION = YES;
				CLANG_WARN_COMMA = YES;
				CLANG_WARN_CONSTANT_CONVERSION = YES;
				CLANG_WARN_DEPRECATED_OBJC_IMPLEMENTATIONS = YES;
				CLANG_WARN_DIRECT_OBJC_ISA_USAGE = YES_ERROR;
				CLANG_WARN_DOCUMENTATION_COMMENTS = YES;
				CLANG_WARN_EMPTY_BODY = YES;
				CLANG_WARN_ENUM_CONVERSION = YES;
				CLANG_WARN_INFINITE_RECURSION = YES;
				CLANG_WARN_INT_CONVERSION = YES;
				CLANG_WARN_NON_LITERAL_NULL_CONVERSION = YES;
				CLANG_WARN_OBJC_IMPLICIT_RETAIN_SELF = YES;
				CLANG_WARN_OBJC_LITERAL_CONVERSION = YES;
				CLANG_WARN_OBJC_ROOT_CLASS = YES_ERROR;
				CLANG_WARN_RANGE_LOOP_ANALYSIS = YES;
				CLANG_WARN_STRICT_PROTOTYPES = YES;
				CLANG_WARN_SUSPICIOUS_MOVE = YES;
				CLANG_WARN_UNGUARDED_AVAILABILITY = YES_AGGRESSIVE;
				CLANG_WARN_UNREACHABLE_CODE = YES;
				CLANG_WARN__DUPLICATE_METHOD_MATCH = YES;
				COPY_PHASE_STRIP = NO;
				CURRENT_PROJECT_VERSION = 1;
				DEBUG_INFORMATION_FORMAT = "dwarf-with-dsym";
				ENABLE_NS_ASSERTIONS = NO;
				ENABLE_STRICT_OBJC_MSGSEND = YES;
				GCC_C_LANGUAGE_STANDARD = gnu11;
				GCC_NO_COMMON_BLOCKS = YES;
				GCC_WARN_64_TO_32_BIT_CONVERSION = YES;
				GCC_WARN_ABOUT_RETURN_TYPE = YES_ERROR;
				GCC_WARN_UNDECLARED_SELECTOR = YES;
				GCC_WARN_UNINITIALIZED_AUTOS = YES_AGGRESSIVE;
				GCC_WARN_UNUSED_FUNCTION = YES;
				GCC_WARN_UNUSED_VARIABLE = YES;
				IPHONEOS_DEPLOYMENT_TARGET = 13.2;
				MTL_ENABLE_DEBUG_INFO = NO;
				MTL_FAST_MATH = YES;
				SDKROOT = iphoneos;
				SWIFT_COMPILATION_MODE = wholemodule;
				SWIFT_OPTIMIZATION_LEVEL = "-O";
				VALIDATE_PRODUCT = YES;
				VERSIONING_SYSTEM = "apple-generic";
				VERSION_INFO_PREFIX = "";
			};
			name = Release;
		};
		89C6B5A2240E72F000524C07 /* Debug */ = {
			isa = XCBuildConfiguration;
			buildSettings = {
				CLANG_ENABLE_MODULES = YES;
				CODE_SIGN_STYLE = Automatic;
				DEFINES_MODULE = YES;
				DYLIB_COMPATIBILITY_VERSION = 1;
				DYLIB_CURRENT_VERSION = 1;
				DYLIB_INSTALL_NAME_BASE = "@rpath";
				INFOPLIST_FILE = OptionalChaining/Info.plist;
				INSTALL_PATH = "$(LOCAL_LIBRARY_DIR)/Frameworks";
				LD_RUNPATH_SEARCH_PATHS = (
					"$(inherited)",
					"@executable_path/Frameworks",
					"@loader_path/Frameworks",
				);
				PRODUCT_BUNDLE_IDENTIFIER = shohag.OptionalChaining;
				PRODUCT_NAME = "$(TARGET_NAME:c99extidentifier)";
				SKIP_INSTALL = YES;
				SWIFT_OPTIMIZATION_LEVEL = "-Onone";
				SWIFT_VERSION = 5.0;
				TARGETED_DEVICE_FAMILY = "1,2";
			};
			name = Debug;
		};
		89C6B5A3240E72F000524C07 /* Release */ = {
			isa = XCBuildConfiguration;
			buildSettings = {
				CLANG_ENABLE_MODULES = YES;
				CODE_SIGN_STYLE = Automatic;
				DEFINES_MODULE = YES;
				DYLIB_COMPATIBILITY_VERSION = 1;
				DYLIB_CURRENT_VERSION = 1;
				DYLIB_INSTALL_NAME_BASE = "@rpath";
				INFOPLIST_FILE = OptionalChaining/Info.plist;
				INSTALL_PATH = "$(LOCAL_LIBRARY_DIR)/Frameworks";
				LD_RUNPATH_SEARCH_PATHS = (
					"$(inherited)",
					"@executable_path/Frameworks",
					"@loader_path/Frameworks",
				);
				PRODUCT_BUNDLE_IDENTIFIER = shohag.OptionalChaining;
				PRODUCT_NAME = "$(TARGET_NAME:c99extidentifier)";
				SKIP_INSTALL = YES;
				SWIFT_VERSION = 5.0;
				TARGETED_DEVICE_FAMILY = "1,2";
			};
			name = Release;
		};
		89C6B5A5240E72F000524C07 /* Debug */ = {
			isa = XCBuildConfiguration;
			buildSettings = {
				ALWAYS_EMBED_SWIFT_STANDARD_LIBRARIES = YES;
				CODE_SIGN_STYLE = Automatic;
				INFOPLIST_FILE = OptionalChainingTests/Info.plist;
				LD_RUNPATH_SEARCH_PATHS = (
					"$(inherited)",
					"@executable_path/Frameworks",
					"@loader_path/Frameworks",
				);
				PRODUCT_BUNDLE_IDENTIFIER = shohag.OptionalChainingTests;
				PRODUCT_NAME = "$(TARGET_NAME)";
				SWIFT_VERSION = 5.0;
				TARGETED_DEVICE_FAMILY = "1,2";
			};
			name = Debug;
		};
		89C6B5A6240E72F000524C07 /* Release */ = {
			isa = XCBuildConfiguration;
			buildSettings = {
				ALWAYS_EMBED_SWIFT_STANDARD_LIBRARIES = YES;
				CODE_SIGN_STYLE = Automatic;
				INFOPLIST_FILE = OptionalChainingTests/Info.plist;
				LD_RUNPATH_SEARCH_PATHS = (
					"$(inherited)",
					"@executable_path/Frameworks",
					"@loader_path/Frameworks",
				);
				PRODUCT_BUNDLE_IDENTIFIER = shohag.OptionalChainingTests;
				PRODUCT_NAME = "$(TARGET_NAME)";
				SWIFT_VERSION = 5.0;
				TARGETED_DEVICE_FAMILY = "1,2";
			};
			name = Release;
		};
/* End XCBuildConfiguration section */

/* Begin XCConfigurationList section */
		89C6B587240E72EF00524C07 /* Build configuration list for PBXProject "OptionalChaining" */ = {
			isa = XCConfigurationList;
			buildConfigurations = (
				89C6B59F240E72F000524C07 /* Debug */,
				89C6B5A0240E72F000524C07 /* Release */,
			);
			defaultConfigurationIsVisible = 0;
			defaultConfigurationName = Release;
		};
		89C6B5A1240E72F000524C07 /* Build configuration list for PBXNativeTarget "OptionalChaining" */ = {
			isa = XCConfigurationList;
			buildConfigurations = (
				89C6B5A2240E72F000524C07 /* Debug */,
				89C6B5A3240E72F000524C07 /* Release */,
			);
			defaultConfigurationIsVisible = 0;
			defaultConfigurationName = Release;
		};
		89C6B5A4240E72F000524C07 /* Build configuration list for PBXNativeTarget "OptionalChainingTests" */ = {
			isa = XCConfigurationList;
			buildConfigurations = (
				89C6B5A5240E72F000524C07 /* Debug */,
				89C6B5A6240E72F000524C07 /* Release */,
			);
			defaultConfigurationIsVisible = 0;
			defaultConfigurationName = Release;
		};
/* End XCConfigurationList section */
	};
	rootObject = 89C6B584240E72EF00524C07 /* Project object */;
}
