// !$*UTF8*$!
{
	archiveVersion = 1;
	classes = {
	};
	objectVersion = 50;
	objects = {

/* Begin PBXBuildFile section */
		8970BAAF240C0EE100CBA50D /* Methods.framework in Frameworks */ = {isa = PBXBuildFile; fileRef = 8970BAA5240C0EE100CBA50D /* Methods.framework */; };
		8970BAB4240C0EE100CBA50D /* MethodsTests.swift in Sources */ = {isa = PBXBuildFile; fileRef = 8970BAB3240C0EE100CBA50D /* MethodsTests.swift */; };
		8970BAB6240C0EE100CBA50D /* Methods.h in Headers */ = {isa = PBXBuildFile; fileRef = 8970BAA8240C0EE100CBA50D /* Methods.h */; settings = {ATTRIBUTES = (Public, ); }; };
		8970BAC0240C0F0000CBA50D /* Method.swift in Sources */ = {isa = PBXBuildFile; fileRef = 8970BABF240C0F0000CBA50D /* Method.swift */; };
/* End PBXBuildFile section */

/* Begin PBXContainerItemProxy section */
		8970BAB0240C0EE100CBA50D /* PBXContainerItemProxy */ = {
			isa = PBXContainerItemProxy;
			containerPortal = 8970BA9C240C0EE000CBA50D /* Project object */;
			proxyType = 1;
			remoteGlobalIDString = 8970BAA4240C0EE100CBA50D;
			remoteInfo = Methods;
		};
/* End PBXContainerItemProxy section */

/* Begin PBXFileReference section */
		8970BAA5240C0EE100CBA50D /* Methods.framework */ = {isa = PBXFileReference; explicitFileType = wrapper.framework; includeInIndex = 0; path = Methods.framework; sourceTree = BUILT_PRODUCTS_DIR; };
		8970BAA8240C0EE100CBA50D /* Methods.h */ = {isa = PBXFileReference; lastKnownFileType = sourcecode.c.h; path = Methods.h; sourceTree = "<group>"; };
		8970BAA9240C0EE100CBA50D /* Info.plist */ = {isa = PBXFileReference; lastKnownFileType = text.plist.xml; path = Info.plist; sourceTree = "<group>"; };
		8970BAAE240C0EE100CBA50D /* MethodsTests.xctest */ = {isa = PBXFileReference; explicitFileType = wrapper.cfbundle; includeInIndex = 0; path = MethodsTests.xctest; sourceTree = BUILT_PRODUCTS_DIR; };
		8970BAB3240C0EE100CBA50D /* MethodsTests.swift */ = {isa = PBXFileReference; lastKnownFileType = sourcecode.swift; path = MethodsTests.swift; sourceTree = "<group>"; };
		8970BAB5240C0EE100CBA50D /* Info.plist */ = {isa = PBXFileReference; lastKnownFileType = text.plist.xml; path = Info.plist; sourceTree = "<group>"; };
		8970BABF240C0F0000CBA50D /* Method.swift */ = {isa = PBXFileReference; lastKnownFileType = sourcecode.swift; path = Method.swift; sourceTree = "<group>"; };
/* End PBXFileReference section */

/* Begin PBXFrameworksBuildPhase section */
		8970BAA2240C0EE100CBA50D /* Frameworks */ = {
			isa = PBXFrameworksBuildPhase;
			buildActionMask = 2147483647;
			files = (
			);
			runOnlyForDeploymentPostprocessing = 0;
		};
		8970BAAB240C0EE100CBA50D /* Frameworks */ = {
			isa = PBXFrameworksBuildPhase;
			buildActionMask = 2147483647;
			files = (
				8970BAAF240C0EE100CBA50D /* Methods.framework in Frameworks */,
			);
			runOnlyForDeploymentPostprocessing = 0;
		};
/* End PBXFrameworksBuildPhase section */

/* Begin PBXGroup section */
		8970BA9B240C0EE000CBA50D = {
			isa = PBXGroup;
			children = (
				8970BAA7240C0EE100CBA50D /* Methods */,
				8970BAB2240C0EE100CBA50D /* MethodsTests */,
				8970BAA6240C0EE100CBA50D /* Products */,
			);
			sourceTree = "<group>";
		};
		8970BAA6240C0EE100CBA50D /* Products */ = {
			isa = PBXGroup;
			children = (
				8970BAA5240C0EE100CBA50D /* Methods.framework */,
				8970BAAE240C0EE100CBA50D /* MethodsTests.xctest */,
			);
			name = Products;
			sourceTree = "<group>";
		};
		8970BAA7240C0EE100CBA50D /* Methods */ = {
			isa = PBXGroup;
			children = (
				8970BAA8240C0EE100CBA50D /* Methods.h */,
				8970BAA9240C0EE100CBA50D /* Info.plist */,
				8970BABF240C0F0000CBA50D /* Method.swift */,
			);
			path = Methods;
			sourceTree = "<group>";
		};
		8970BAB2240C0EE100CBA50D /* MethodsTests */ = {
			isa = PBXGroup;
			children = (
				8970BAB3240C0EE100CBA50D /* MethodsTests.swift */,
				8970BAB5240C0EE100CBA50D /* Info.plist */,
			);
			path = MethodsTests;
			sourceTree = "<group>";
		};
/* End PBXGroup section */

/* Begin PBXHeadersBuildPhase section */
		8970BAA0240C0EE100CBA50D /* Headers */ = {
			isa = PBXHeadersBuildPhase;
			buildActionMask = 2147483647;
			files = (
				8970BAB6240C0EE100CBA50D /* Methods.h in Headers */,
			);
			runOnlyForDeploymentPostprocessing = 0;
		};
/* End PBXHeadersBuildPhase section */

/* Begin PBXNativeTarget section */
		8970BAA4240C0EE100CBA50D /* Methods */ = {
			isa = PBXNativeTarget;
			buildConfigurationList = 8970BAB9240C0EE100CBA50D /* Build configuration list for PBXNativeTarget "Methods" */;
			buildPhases = (
				8970BAA0240C0EE100CBA50D /* Headers */,
				8970BAA1240C0EE100CBA50D /* Sources */,
				8970BAA2240C0EE100CBA50D /* Frameworks */,
				8970BAA3240C0EE100CBA50D /* Resources */,
			);
			buildRules = (
			);
			dependencies = (
			);
			name = Methods;
			productName = Methods;
			productReference = 8970BAA5240C0EE100CBA50D /* Methods.framework */;
			productType = "com.apple.product-type.framework";
		};
		8970BAAD240C0EE100CBA50D /* MethodsTests */ = {
			isa = PBXNativeTarget;
			buildConfigurationList = 8970BABC240C0EE100CBA50D /* Build configuration list for PBXNativeTarget "MethodsTests" */;
			buildPhases = (
				8970BAAA240C0EE100CBA50D /* Sources */,
				8970BAAB240C0EE100CBA50D /* Frameworks */,
				8970BAAC240C0EE100CBA50D /* Resources */,
			);
			buildRules = (
			);
			dependencies = (
				8970BAB1240C0EE100CBA50D /* PBXTargetDependency */,
			);
			name = MethodsTests;
			productName = MethodsTests;
			productReference = 8970BAAE240C0EE100CBA50D /* MethodsTests.xctest */;
			productType = "com.apple.product-type.bundle.unit-test";
		};
/* End PBXNativeTarget section */

/* Begin PBXProject section */
		8970BA9C240C0EE000CBA50D /* Project object */ = {
			isa = PBXProject;
			attributes = {
				LastSwiftUpdateCheck = 1130;
				LastUpgradeCheck = 1130;
				ORGANIZATIONNAME = "Saleh Enam Shohag";
				TargetAttributes = {
					8970BAA4240C0EE100CBA50D = {
						CreatedOnToolsVersion = 11.3.1;
						LastSwiftMigration = 1130;
					};
					8970BAAD240C0EE100CBA50D = {
						CreatedOnToolsVersion = 11.3.1;
					};
				};
			};
			buildConfigurationList = 8970BA9F240C0EE000CBA50D /* Build configuration list for PBXProject "Methods" */;
			compatibilityVersion = "Xcode 9.3";
			developmentRegion = en;
			hasScannedForEncodings = 0;
			knownRegions = (
				en,
				Base,
			);
			mainGroup = 8970BA9B240C0EE000CBA50D;
			productRefGroup = 8970BAA6240C0EE100CBA50D /* Products */;
			projectDirPath = "";
			projectRoot = "";
			targets = (
				8970BAA4240C0EE100CBA50D /* Methods */,
				8970BAAD240C0EE100CBA50D /* MethodsTests */,
			);
		};
/* End PBXProject section */

/* Begin PBXResourcesBuildPhase section */
		8970BAA3240C0EE100CBA50D /* Resources */ = {
			isa = PBXResourcesBuildPhase;
			buildActionMask = 2147483647;
			files = (
			);
			runOnlyForDeploymentPostprocessing = 0;
		};
		8970BAAC240C0EE100CBA50D /* Resources */ = {
			isa = PBXResourcesBuildPhase;
			buildActionMask = 2147483647;
			files = (
			);
			runOnlyForDeploymentPostprocessing = 0;
		};
/* End PBXResourcesBuildPhase section */

/* Begin PBXSourcesBuildPhase section */
		8970BAA1240C0EE100CBA50D /* Sources */ = {
			isa = PBXSourcesBuildPhase;
			buildActionMask = 2147483647;
			files = (
				8970BAC0240C0F0000CBA50D /* Method.swift in Sources */,
			);
			runOnlyForDeploymentPostprocessing = 0;
		};
		8970BAAA240C0EE100CBA50D /* Sources */ = {
			isa = PBXSourcesBuildPhase;
			buildActionMask = 2147483647;
			files = (
				8970BAB4240C0EE100CBA50D /* MethodsTests.swift in Sources */,
			);
			runOnlyForDeploymentPostprocessing = 0;
		};
/* End PBXSourcesBuildPhase section */

/* Begin PBXTargetDependency section */
		8970BAB1240C0EE100CBA50D /* PBXTargetDependency */ = {
			isa = PBXTargetDependency;
			target = 8970BAA4240C0EE100CBA50D /* Methods */;
			targetProxy = 8970BAB0240C0EE100CBA50D /* PBXContainerItemProxy */;
		};
/* End PBXTargetDependency section */

/* Begin XCBuildConfiguration section */
		8970BAB7240C0EE100CBA50D /* Debug */ = {
			isa = XCBuildConfiguration;
			buildSettings = {
				ALWAYS_SEARCH_USER_PATHS = NO;
				CLANG_ANALYZER_NONNULL = YES;
				CLANG_ANALYZER_NUMBER_OBJECT_CONVERSION = YES_AGGRESSIVE;
				CLANG_CXX_LANGUAGE_STANDARD = "gnu++14";
				CLANG_CXX_LIBRARY = "libc++";
				CLANG_ENABLE_MODULES = YES;
				CLANG_ENABLE_OBJC_ARC = YES;
				CLANG_ENABLE_OBJC_WEAK = YES;
				CLANG_WARN_BLOCK_CAPTURE_AUTORELEASING = YES;
				CLANG_WARN_BOOL_CONVERSION = YES;
				CLANG_WARN_COMMA = YES;
				CLANG_WARN_CONSTANT_CONVERSION = YES;
				CLANG_WARN_DEPRECATED_OBJC_IMPLEMENTATIONS = YES;
				CLANG_WARN_DIRECT_OBJC_ISA_USAGE = YES_ERROR;
				CLANG_WARN_DOCUMENTATION_COMMENTS = YES;
				CLANG_WARN_EMPTY_BODY = YES;
				CLANG_WARN_ENUM_CONVERSION = YES;
				CLANG_WARN_INFINITE_RECURSION = YES;
				CLANG_WARN_INT_CONVERSION = YES;
				CLANG_WARN_NON_LITERAL_NULL_CONVERSION = YES;
				CLANG_WARN_OBJC_IMPLICIT_RETAIN_SELF = YES;
				CLANG_WARN_OBJC_LITERAL_CONVERSION = YES;
				CLANG_WARN_OBJC_ROOT_CLASS = YES_ERROR;
				CLANG_WARN_RANGE_LOOP_ANALYSIS = YES;
				CLANG_WARN_STRICT_PROTOTYPES = YES;
				CLANG_WARN_SUSPICIOUS_MOVE = YES;
				CLANG_WARN_UNGUARDED_AVAILABILITY = YES_AGGRESSIVE;
				CLANG_WARN_UNREACHABLE_CODE = YES;
				CLANG_WARN__DUPLICATE_METHOD_MATCH = YES;
				COPY_PHASE_STRIP = NO;
				CURRENT_PROJECT_VERSION = 1;
				DEBUG_INFORMATION_FORMAT = dwarf;
				ENABLE_STRICT_OBJC_MSGSEND = YES;
				ENABLE_TESTABILITY = YES;
				GCC_C_LANGUAGE_STANDARD = gnu11;
				GCC_DYNAMIC_NO_PIC = NO;
				GCC_NO_COMMON_BLOCKS = YES;
				GCC_OPTIMIZATION_LEVEL = 0;
				GCC_PREPROCESSOR_DEFINITIONS = (
					"DEBUG=1",
					"$(inherited)",
				);
				GCC_WARN_64_TO_32_BIT_CONVERSION = YES;
				GCC_WARN_ABOUT_RETURN_TYPE = YES_ERROR;
				GCC_WARN_UNDECLARED_SELECTOR = YES;
				GCC_WARN_UNINITIALIZED_AUTOS = YES_AGGRESSIVE;
				GCC_WARN_UNUSED_FUNCTION = YES;
				GCC_WARN_UNUSED_VARIABLE = YES;
				IPHONEOS_DEPLOYMENT_TARGET = 13.2;
				MTL_ENABLE_DEBUG_INFO = INCLUDE_SOURCE;
				MTL_FAST_MATH = YES;
				ONLY_ACTIVE_ARCH = YES;
				SDKROOT = iphoneos;
				SWIFT_ACTIVE_COMPILATION_CONDITIONS = DEBUG;
				SWIFT_OPTIMIZATION_LEVEL = "-Onone";
				VERSIONING_SYSTEM = "apple-generic";
				VERSION_INFO_PREFIX = "";
			};
			name = Debug;
		};
		8970BAB8240C0EE100CBA50D /* Release */ = {
			isa = XCBuildConfiguration;
			buildSettings = {
				ALWAYS_SEARCH_USER_PATHS = NO;
				CLANG_ANALYZER_NONNULL = YES;
				CLANG_ANALYZER_NUMBER_OBJECT_CONVERSION = YES_AGGRESSIVE;
				CLANG_CXX_LANGUAGE_STANDARD = "gnu++14";
				CLANG_CXX_LIBRARY = "libc++";
				CLANG_ENABLE_MODULES = YES;
				CLANG_ENABLE_OBJC_ARC = YES;
				CLANG_ENABLE_OBJC_WEAK = YES;
				CLANG_WARN_BLOCK_CAPTURE_AUTORELEASING = YES;
				CLANG_WARN_BOOL_CONVERSION = YES;
				CLANG_WARN_COMMA = YES;
				CLANG_WARN_CONSTANT_CONVERSION = YES;
				CLANG_WARN_DEPRECATED_OBJC_IMPLEMENTATIONS = YES;
				CLANG_WARN_DIRECT_OBJC_ISA_USAGE = YES_ERROR;
				CLANG_WARN_DOCUMENTATION_COMMENTS = YES;
				CLANG_WARN_EMPTY_BODY = YES;
				CLANG_WARN_ENUM_CONVERSION = YES;
				CLANG_WARN_INFINITE_RECURSION = YES;
				CLANG_WARN_INT_CONVERSION = YES;
				CLANG_WARN_NON_LITERAL_NULL_CONVERSION = YES;
				CLANG_WARN_OBJC_IMPLICIT_RETAIN_SELF = YES;
				CLANG_WARN_OBJC_LITERAL_CONVERSION = YES;
				CLANG_WARN_OBJC_ROOT_CLASS = YES_ERROR;
				CLANG_WARN_RANGE_LOOP_ANALYSIS = YES;
				CLANG_WARN_STRICT_PROTOTYPES = YES;
				CLANG_WARN_SUSPICIOUS_MOVE = YES;
				CLANG_WARN_UNGUARDED_AVAILABILITY = YES_AGGRESSIVE;
				CLANG_WARN_UNREACHABLE_CODE = YES;
				CLANG_WARN__DUPLICATE_METHOD_MATCH = YES;
				COPY_PHASE_STRIP = NO;
				CURRENT_PROJECT_VERSION = 1;
				DEBUG_INFORMATION_FORMAT = "dwarf-with-dsym";
				ENABLE_NS_ASSERTIONS = NO;
				ENABLE_STRICT_OBJC_MSGSEND = YES;
				GCC_C_LANGUAGE_STANDARD = gnu11;
				GCC_NO_COMMON_BLOCKS = YES;
				GCC_WARN_64_TO_32_BIT_CONVERSION = YES;
				GCC_WARN_ABOUT_RETURN_TYPE = YES_ERROR;
				GCC_WARN_UNDECLARED_SELECTOR = YES;
				GCC_WARN_UNINITIALIZED_AUTOS = YES_AGGRESSIVE;
				GCC_WARN_UNUSED_FUNCTION = YES;
				GCC_WARN_UNUSED_VARIABLE = YES;
				IPHONEOS_DEPLOYMENT_TARGET = 13.2;
				MTL_ENABLE_DEBUG_INFO = NO;
				MTL_FAST_MATH = YES;
				SDKROOT = iphoneos;
				SWIFT_COMPILATION_MODE = wholemodule;
				SWIFT_OPTIMIZATION_LEVEL = "-O";
				VALIDATE_PRODUCT = YES;
				VERSIONING_SYSTEM = "apple-generic";
				VERSION_INFO_PREFIX = "";
			};
			name = Release;
		};
		8970BABA240C0EE100CBA50D /* Debug */ = {
			isa = XCBuildConfiguration;
			buildSettings = {
				CLANG_ENABLE_MODULES = YES;
				CODE_SIGN_STYLE = Automatic;
				DEFINES_MODULE = YES;
				DYLIB_COMPATIBILITY_VERSION = 1;
				DYLIB_CURRENT_VERSION = 1;
				DYLIB_INSTALL_NAME_BASE = "@rpath";
				INFOPLIST_FILE = Methods/Info.plist;
				INSTALL_PATH = "$(LOCAL_LIBRARY_DIR)/Frameworks";
				LD_RUNPATH_SEARCH_PATHS = (
					"$(inherited)",
					"@executable_path/Frameworks",
					"@loader_path/Frameworks",
				);
				PRODUCT_BUNDLE_IDENTIFIER = shohag.Methods;
				PRODUCT_NAME = "$(TARGET_NAME:c99extidentifier)";
				SKIP_INSTALL = YES;
				SWIFT_OPTIMIZATION_LEVEL = "-Onone";
				SWIFT_VERSION = 5.0;
				TARGETED_DEVICE_FAMILY = "1,2";
			};
			name = Debug;
		};
		8970BABB240C0EE100CBA50D /* Release */ = {
			isa = XCBuildConfiguration;
			buildSettings = {
				CLANG_ENABLE_MODULES = YES;
				CODE_SIGN_STYLE = Automatic;
				DEFINES_MODULE = YES;
				DYLIB_COMPATIBILITY_VERSION = 1;
				DYLIB_CURRENT_VERSION = 1;
				DYLIB_INSTALL_NAME_BASE = "@rpath";
				INFOPLIST_FILE = Methods/Info.plist;
				INSTALL_PATH = "$(LOCAL_LIBRARY_DIR)/Frameworks";
				LD_RUNPATH_SEARCH_PATHS = (
					"$(inherited)",
					"@executable_path/Frameworks",
					"@loader_path/Frameworks",
				);
				PRODUCT_BUNDLE_IDENTIFIER = shohag.Methods;
				PRODUCT_NAME = "$(TARGET_NAME:c99extidentifier)";
				SKIP_INSTALL = YES;
				SWIFT_VERSION = 5.0;
				TARGETED_DEVICE_FAMILY = "1,2";
			};
			name = Release;
		};
		8970BABD240C0EE100CBA50D /* Debug */ = {
			isa = XCBuildConfiguration;
			buildSettings = {
				ALWAYS_EMBED_SWIFT_STANDARD_LIBRARIES = YES;
				CODE_SIGN_STYLE = Automatic;
				INFOPLIST_FILE = MethodsTests/Info.plist;
				LD_RUNPATH_SEARCH_PATHS = (
					"$(inherited)",
					"@executable_path/Frameworks",
					"@loader_path/Frameworks",
				);
				PRODUCT_BUNDLE_IDENTIFIER = shohag.MethodsTests;
				PRODUCT_NAME = "$(TARGET_NAME)";
				SWIFT_VERSION = 5.0;
				TARGETED_DEVICE_FAMILY = "1,2";
			};
			name = Debug;
		};
		8970BABE240C0EE100CBA50D /* Release */ = {
			isa = XCBuildConfiguration;
			buildSettings = {
				ALWAYS_EMBED_SWIFT_STANDARD_LIBRARIES = YES;
				CODE_SIGN_STYLE = Automatic;
				INFOPLIST_FILE = MethodsTests/Info.plist;
				LD_RUNPATH_SEARCH_PATHS = (
					"$(inherited)",
					"@executable_path/Frameworks",
					"@loader_path/Frameworks",
				);
				PRODUCT_BUNDLE_IDENTIFIER = shohag.MethodsTests;
				PRODUCT_NAME = "$(TARGET_NAME)";
				SWIFT_VERSION = 5.0;
				TARGETED_DEVICE_FAMILY = "1,2";
			};
			name = Release;
		};
/* End XCBuildConfiguration section */

/* Begin XCConfigurationList section */
		8970BA9F240C0EE000CBA50D /* Build configuration list for PBXProject "Methods" */ = {
			isa = XCConfigurationList;
			buildConfigurations = (
				8970BAB7240C0EE100CBA50D /* Debug */,
				8970BAB8240C0EE100CBA50D /* Release */,
			);
			defaultConfigurationIsVisible = 0;
			defaultConfigurationName = Release;
		};
		8970BAB9240C0EE100CBA50D /* Build configuration list for PBXNativeTarget "Methods" */ = {
			isa = XCConfigurationList;
			buildConfigurations = (
				8970BABA240C0EE100CBA50D /* Debug */,
				8970BABB240C0EE100CBA50D /* Release */,
			);
			defaultConfigurationIsVisible = 0;
			defaultConfigurationName = Release;
		};
		8970BABC240C0EE100CBA50D /* Build configuration list for PBXNativeTarget "MethodsTests" */ = {
			isa = XCConfigurationList;
			buildConfigurations = (
				8970BABD240C0EE100CBA50D /* Debug */,
				8970BABE240C0EE100CBA50D /* Release */,
			);
			defaultConfigurationIsVisible = 0;
			defaultConfigurationName = Release;
		};
/* End XCConfigurationList section */
	};
	rootObject = 8970BA9C240C0EE000CBA50D /* Project object */;
}
