// !$*UTF8*$!
{
	archiveVersion = 1;
	classes = {
	};
	objectVersion = 50;
	objects = {

/* Begin PBXBuildFile section */
		89C6B56F240E565D00524C07 /* Deinitialization.framework in Frameworks */ = {isa = PBXBuildFile; fileRef = 89C6B565240E565D00524C07 /* Deinitialization.framework */; };
		89C6B574240E565D00524C07 /* DeinitializationTests.swift in Sources */ = {isa = PBXBuildFile; fileRef = 89C6B573240E565D00524C07 /* DeinitializationTests.swift */; };
		89C6B576240E565D00524C07 /* Deinitialization.h in Headers */ = {isa = PBXBuildFile; fileRef = 89C6B568240E565D00524C07 /* Deinitialization.h */; settings = {ATTRIBUTES = (Public, ); }; };
		89C6B582240E6E6500524C07 /* Deinitialization.swift in Sources */ = {isa = PBXBuildFile; fileRef = 89C6B581240E6E6500524C07 /* Deinitialization.swift */; };
/* End PBXBuildFile section */

/* Begin PBXContainerItemProxy section */
		89C6B570240E565D00524C07 /* PBXContainerItemProxy */ = {
			isa = PBXContainerItemProxy;
			containerPortal = 89C6B55C240E565D00524C07 /* Project object */;
			proxyType = 1;
			remoteGlobalIDString = 89C6B564240E565D00524C07;
			remoteInfo = Deinitialization;
		};
/* End PBXContainerItemProxy section */

/* Begin PBXFileReference section */
		89C6B565240E565D00524C07 /* Deinitialization.framework */ = {isa = PBXFileReference; explicitFileType = wrapper.framework; includeInIndex = 0; path = Deinitialization.framework; sourceTree = BUILT_PRODUCTS_DIR; };
		89C6B568240E565D00524C07 /* Deinitialization.h */ = {isa = PBXFileReference; lastKnownFileType = sourcecode.c.h; path = Deinitialization.h; sourceTree = "<group>"; };
		89C6B569240E565D00524C07 /* Info.plist */ = {isa = PBXFileReference; lastKnownFileType = text.plist.xml; path = Info.plist; sourceTree = "<group>"; };
		89C6B56E240E565D00524C07 /* DeinitializationTests.xctest */ = {isa = PBXFileReference; explicitFileType = wrapper.cfbundle; includeInIndex = 0; path = DeinitializationTests.xctest; sourceTree = BUILT_PRODUCTS_DIR; };
		89C6B573240E565D00524C07 /* DeinitializationTests.swift */ = {isa = PBXFileReference; lastKnownFileType = sourcecode.swift; path = DeinitializationTests.swift; sourceTree = "<group>"; };
		89C6B575240E565D00524C07 /* Info.plist */ = {isa = PBXFileReference; lastKnownFileType = text.plist.xml; path = Info.plist; sourceTree = "<group>"; };
		89C6B581240E6E6500524C07 /* Deinitialization.swift */ = {isa = PBXFileReference; lastKnownFileType = sourcecode.swift; path = Deinitialization.swift; sourceTree = "<group>"; };
/* End PBXFileReference section */

/* Begin PBXFrameworksBuildPhase section */
		89C6B562240E565D00524C07 /* Frameworks */ = {
			isa = PBXFrameworksBuildPhase;
			buildActionMask = 2147483647;
			files = (
			);
			runOnlyForDeploymentPostprocessing = 0;
		};
		89C6B56B240E565D00524C07 /* Frameworks */ = {
			isa = PBXFrameworksBuildPhase;
			buildActionMask = 2147483647;
			files = (
				89C6B56F240E565D00524C07 /* Deinitialization.framework in Frameworks */,
			);
			runOnlyForDeploymentPostprocessing = 0;
		};
/* End PBXFrameworksBuildPhase section */

/* Begin PBXGroup section */
		89C6B55B240E565D00524C07 = {
			isa = PBXGroup;
			children = (
				89C6B567240E565D00524C07 /* Deinitialization */,
				89C6B572240E565D00524C07 /* DeinitializationTests */,
				89C6B566240E565D00524C07 /* Products */,
			);
			sourceTree = "<group>";
		};
		89C6B566240E565D00524C07 /* Products */ = {
			isa = PBXGroup;
			children = (
				89C6B565240E565D00524C07 /* Deinitialization.framework */,
				89C6B56E240E565D00524C07 /* DeinitializationTests.xctest */,
			);
			name = Products;
			sourceTree = "<group>";
		};
		89C6B567240E565D00524C07 /* Deinitialization */ = {
			isa = PBXGroup;
			children = (
				89C6B568240E565D00524C07 /* Deinitialization.h */,
				89C6B569240E565D00524C07 /* Info.plist */,
				89C6B581240E6E6500524C07 /* Deinitialization.swift */,
			);
			path = Deinitialization;
			sourceTree = "<group>";
		};
		89C6B572240E565D00524C07 /* DeinitializationTests */ = {
			isa = PBXGroup;
			children = (
				89C6B573240E565D00524C07 /* DeinitializationTests.swift */,
				89C6B575240E565D00524C07 /* Info.plist */,
			);
			path = DeinitializationTests;
			sourceTree = "<group>";
		};
/* End PBXGroup section */

/* Begin PBXHeadersBuildPhase section */
		89C6B560240E565D00524C07 /* Headers */ = {
			isa = PBXHeadersBuildPhase;
			buildActionMask = 2147483647;
			files = (
				89C6B576240E565D00524C07 /* Deinitialization.h in Headers */,
			);
			runOnlyForDeploymentPostprocessing = 0;
		};
/* End PBXHeadersBuildPhase section */

/* Begin PBXNativeTarget section */
		89C6B564240E565D00524C07 /* Deinitialization */ = {
			isa = PBXNativeTarget;
			buildConfigurationList = 89C6B579240E565D00524C07 /* Build configuration list for PBXNativeTarget "Deinitialization" */;
			buildPhases = (
				89C6B560240E565D00524C07 /* Headers */,
				89C6B561240E565D00524C07 /* Sources */,
				89C6B562240E565D00524C07 /* Frameworks */,
				89C6B563240E565D00524C07 /* Resources */,
			);
			buildRules = (
			);
			dependencies = (
			);
			name = Deinitialization;
			productName = Deinitialization;
			productReference = 89C6B565240E565D00524C07 /* Deinitialization.framework */;
			productType = "com.apple.product-type.framework";
		};
		89C6B56D240E565D00524C07 /* DeinitializationTests */ = {
			isa = PBXNativeTarget;
			buildConfigurationList = 89C6B57C240E565D00524C07 /* Build configuration list for PBXNativeTarget "DeinitializationTests" */;
			buildPhases = (
				89C6B56A240E565D00524C07 /* Sources */,
				89C6B56B240E565D00524C07 /* Frameworks */,
				89C6B56C240E565D00524C07 /* Resources */,
			);
			buildRules = (
			);
			dependencies = (
				89C6B571240E565D00524C07 /* PBXTargetDependency */,
			);
			name = DeinitializationTests;
			productName = DeinitializationTests;
			productReference = 89C6B56E240E565D00524C07 /* DeinitializationTests.xctest */;
			productType = "com.apple.product-type.bundle.unit-test";
		};
/* End PBXNativeTarget section */

/* Begin PBXProject section */
		89C6B55C240E565D00524C07 /* Project object */ = {
			isa = PBXProject;
			attributes = {
				LastSwiftUpdateCheck = 1130;
				LastUpgradeCheck = 1130;
				ORGANIZATIONNAME = "Saleh Enam Shohag";
				TargetAttributes = {
					89C6B564240E565D00524C07 = {
						CreatedOnToolsVersion = 11.3.1;
						LastSwiftMigration = 1130;
					};
					89C6B56D240E565D00524C07 = {
						CreatedOnToolsVersion = 11.3.1;
					};
				};
			};
			buildConfigurationList = 89C6B55F240E565D00524C07 /* Build configuration list for PBXProject "Deinitialization" */;
			compatibilityVersion = "Xcode 9.3";
			developmentRegion = en;
			hasScannedForEncodings = 0;
			knownRegions = (
				en,
				Base,
			);
			mainGroup = 89C6B55B240E565D00524C07;
			productRefGroup = 89C6B566240E565D00524C07 /* Products */;
			projectDirPath = "";
			projectRoot = "";
			targets = (
				89C6B564240E565D00524C07 /* Deinitialization */,
				89C6B56D240E565D00524C07 /* DeinitializationTests */,
			);
		};
/* End PBXProject section */

/* Begin PBXResourcesBuildPhase section */
		89C6B563240E565D00524C07 /* Resources */ = {
			isa = PBXResourcesBuildPhase;
			buildActionMask = 2147483647;
			files = (
			);
			runOnlyForDeploymentPostprocessing = 0;
		};
		89C6B56C240E565D00524C07 /* Resources */ = {
			isa = PBXResourcesBuildPhase;
			buildActionMask = 2147483647;
			files = (
			);
			runOnlyForDeploymentPostprocessing = 0;
		};
/* End PBXResourcesBuildPhase section */

/* Begin PBXSourcesBuildPhase section */
		89C6B561240E565D00524C07 /* Sources */ = {
			isa = PBXSourcesBuildPhase;
			buildActionMask = 2147483647;
			files = (
				89C6B582240E6E6500524C07 /* Deinitialization.swift in Sources */,
			);
			runOnlyForDeploymentPostprocessing = 0;
		};
		89C6B56A240E565D00524C07 /* Sources */ = {
			isa = PBXSourcesBuildPhase;
			buildActionMask = 2147483647;
			files = (
				89C6B574240E565D00524C07 /* DeinitializationTests.swift in Sources */,
			);
			runOnlyForDeploymentPostprocessing = 0;
		};
/* End PBXSourcesBuildPhase section */

/* Begin PBXTargetDependency section */
		89C6B571240E565D00524C07 /* PBXTargetDependency */ = {
			isa = PBXTargetDependency;
			target = 89C6B564240E565D00524C07 /* Deinitialization */;
			targetProxy = 89C6B570240E565D00524C07 /* PBXContainerItemProxy */;
		};
/* End PBXTargetDependency section */

/* Begin XCBuildConfiguration section */
		89C6B577240E565D00524C07 /* Debug */ = {
			isa = XCBuildConfiguration;
			buildSettings = {
				ALWAYS_SEARCH_USER_PATHS = NO;
				CLANG_ANALYZER_NONNULL = YES;
				CLANG_ANALYZER_NUMBER_OBJECT_CONVERSION = YES_AGGRESSIVE;
				CLANG_CXX_LANGUAGE_STANDARD = "gnu++14";
				CLANG_CXX_LIBRARY = "libc++";
				CLANG_ENABLE_MODULES = YES;
				CLANG_ENABLE_OBJC_ARC = YES;
				CLANG_ENABLE_OBJC_WEAK = YES;
				CLANG_WARN_BLOCK_CAPTURE_AUTORELEASING = YES;
				CLANG_WARN_BOOL_CONVERSION = YES;
				CLANG_WARN_COMMA = YES;
				CLANG_WARN_CONSTANT_CONVERSION = YES;
				CLANG_WARN_DEPRECATED_OBJC_IMPLEMENTATIONS = YES;
				CLANG_WARN_DIRECT_OBJC_ISA_USAGE = YES_ERROR;
				CLANG_WARN_DOCUMENTATION_COMMENTS = YES;
				CLANG_WARN_EMPTY_BODY = YES;
				CLANG_WARN_ENUM_CONVERSION = YES;
				CLANG_WARN_INFINITE_RECURSION = YES;
				CLANG_WARN_INT_CONVERSION = YES;
				CLANG_WARN_NON_LITERAL_NULL_CONVERSION = YES;
				CLANG_WARN_OBJC_IMPLICIT_RETAIN_SELF = YES;
				CLANG_WARN_OBJC_LITERAL_CONVERSION = YES;
				CLANG_WARN_OBJC_ROOT_CLASS = YES_ERROR;
				CLANG_WARN_RANGE_LOOP_ANALYSIS = YES;
				CLANG_WARN_STRICT_PROTOTYPES = YES;
				CLANG_WARN_SUSPICIOUS_MOVE = YES;
				CLANG_WARN_UNGUARDED_AVAILABILITY = YES_AGGRESSIVE;
				CLANG_WARN_UNREACHABLE_CODE = YES;
				CLANG_WARN__DUPLICATE_METHOD_MATCH = YES;
				COPY_PHASE_STRIP = NO;
				CURRENT_PROJECT_VERSION = 1;
				DEBUG_INFORMATION_FORMAT = dwarf;
				ENABLE_STRICT_OBJC_MSGSEND = YES;
				ENABLE_TESTABILITY = YES;
				GCC_C_LANGUAGE_STANDARD = gnu11;
				GCC_DYNAMIC_NO_PIC = NO;
				GCC_NO_COMMON_BLOCKS = YES;
				GCC_OPTIMIZATION_LEVEL = 0;
				GCC_PREPROCESSOR_DEFINITIONS = (
					"DEBUG=1",
					"$(inherited)",
				);
				GCC_WARN_64_TO_32_BIT_CONVERSION = YES;
				GCC_WARN_ABOUT_RETURN_TYPE = YES_ERROR;
				GCC_WARN_UNDECLARED_SELECTOR = YES;
				GCC_WARN_UNINITIALIZED_AUTOS = YES_AGGRESSIVE;
				GCC_WARN_UNUSED_FUNCTION = YES;
				GCC_WARN_UNUSED_VARIABLE = YES;
				IPHONEOS_DEPLOYMENT_TARGET = 13.2;
				MTL_ENABLE_DEBUG_INFO = INCLUDE_SOURCE;
				MTL_FAST_MATH = YES;
				ONLY_ACTIVE_ARCH = YES;
				SDKROOT = iphoneos;
				SWIFT_ACTIVE_COMPILATION_CONDITIONS = DEBUG;
				SWIFT_OPTIMIZATION_LEVEL = "-Onone";
				VERSIONING_SYSTEM = "apple-generic";
				VERSION_INFO_PREFIX = "";
			};
			name = Debug;
		};
		89C6B578240E565D00524C07 /* Release */ = {
			isa = XCBuildConfiguration;
			buildSettings = {
				ALWAYS_SEARCH_USER_PATHS = NO;
				CLANG_ANALYZER_NONNULL = YES;
				CLANG_ANALYZER_NUMBER_OBJECT_CONVERSION = YES_AGGRESSIVE;
				CLANG_CXX_LANGUAGE_STANDARD = "gnu++14";
				CLANG_CXX_LIBRARY = "libc++";
				CLANG_ENABLE_MODULES = YES;
				CLANG_ENABLE_OBJC_ARC = YES;
				CLANG_ENABLE_OBJC_WEAK = YES;
				CLANG_WARN_BLOCK_CAPTURE_AUTORELEASING = YES;
				CLANG_WARN_BOOL_CONVERSION = YES;
				CLANG_WARN_COMMA = YES;
				CLANG_WARN_CONSTANT_CONVERSION = YES;
				CLANG_WARN_DEPRECATED_OBJC_IMPLEMENTATIONS = YES;
				CLANG_WARN_DIRECT_OBJC_ISA_USAGE = YES_ERROR;
				CLANG_WARN_DOCUMENTATION_COMMENTS = YES;
				CLANG_WARN_EMPTY_BODY = YES;
				CLANG_WARN_ENUM_CONVERSION = YES;
				CLANG_WARN_INFINITE_RECURSION = YES;
				CLANG_WARN_INT_CONVERSION = YES;
				CLANG_WARN_NON_LITERAL_NULL_CONVERSION = YES;
				CLANG_WARN_OBJC_IMPLICIT_RETAIN_SELF = YES;
				CLANG_WARN_OBJC_LITERAL_CONVERSION = YES;
				CLANG_WARN_OBJC_ROOT_CLASS = YES_ERROR;
				CLANG_WARN_RANGE_LOOP_ANALYSIS = YES;
				CLANG_WARN_STRICT_PROTOTYPES = YES;
				CLANG_WARN_SUSPICIOUS_MOVE = YES;
				CLANG_WARN_UNGUARDED_AVAILABILITY = YES_AGGRESSIVE;
				CLANG_WARN_UNREACHABLE_CODE = YES;
				CLANG_WARN__DUPLICATE_METHOD_MATCH = YES;
				COPY_PHASE_STRIP = NO;
				CURRENT_PROJECT_VERSION = 1;
				DEBUG_INFORMATION_FORMAT = "dwarf-with-dsym";
				ENABLE_NS_ASSERTIONS = NO;
				ENABLE_STRICT_OBJC_MSGSEND = YES;
				GCC_C_LANGUAGE_STANDARD = gnu11;
				GCC_NO_COMMON_BLOCKS = YES;
				GCC_WARN_64_TO_32_BIT_CONVERSION = YES;
				GCC_WARN_ABOUT_RETURN_TYPE = YES_ERROR;
				GCC_WARN_UNDECLARED_SELECTOR = YES;
				GCC_WARN_UNINITIALIZED_AUTOS = YES_AGGRESSIVE;
				GCC_WARN_UNUSED_FUNCTION = YES;
				GCC_WARN_UNUSED_VARIABLE = YES;
				IPHONEOS_DEPLOYMENT_TARGET = 13.2;
				MTL_ENABLE_DEBUG_INFO = NO;
				MTL_FAST_MATH = YES;
				SDKROOT = iphoneos;
				SWIFT_COMPILATION_MODE = wholemodule;
				SWIFT_OPTIMIZATION_LEVEL = "-O";
				VALIDATE_PRODUCT = YES;
				VERSIONING_SYSTEM = "apple-generic";
				VERSION_INFO_PREFIX = "";
			};
			name = Release;
		};
		89C6B57A240E565D00524C07 /* Debug */ = {
			isa = XCBuildConfiguration;
			buildSettings = {
				CLANG_ENABLE_MODULES = YES;
				CODE_SIGN_STYLE = Automatic;
				DEFINES_MODULE = YES;
				DYLIB_COMPATIBILITY_VERSION = 1;
				DYLIB_CURRENT_VERSION = 1;
				DYLIB_INSTALL_NAME_BASE = "@rpath";
				INFOPLIST_FILE = Deinitialization/Info.plist;
				INSTALL_PATH = "$(LOCAL_LIBRARY_DIR)/Frameworks";
				LD_RUNPATH_SEARCH_PATHS = (
					"$(inherited)",
					"@executable_path/Frameworks",
					"@loader_path/Frameworks",
				);
				PRODUCT_BUNDLE_IDENTIFIER = shohag.Deinitialization;
				PRODUCT_NAME = "$(TARGET_NAME:c99extidentifier)";
				SKIP_INSTALL = YES;
				SWIFT_OPTIMIZATION_LEVEL = "-Onone";
				SWIFT_VERSION = 5.0;
				TARGETED_DEVICE_FAMILY = "1,2";
			};
			name = Debug;
		};
		89C6B57B240E565D00524C07 /* Release */ = {
			isa = XCBuildConfiguration;
			buildSettings = {
				CLANG_ENABLE_MODULES = YES;
				CODE_SIGN_STYLE = Automatic;
				DEFINES_MODULE = YES;
				DYLIB_COMPATIBILITY_VERSION = 1;
				DYLIB_CURRENT_VERSION = 1;
				DYLIB_INSTALL_NAME_BASE = "@rpath";
				INFOPLIST_FILE = Deinitialization/Info.plist;
				INSTALL_PATH = "$(LOCAL_LIBRARY_DIR)/Frameworks";
				LD_RUNPATH_SEARCH_PATHS = (
					"$(inherited)",
					"@executable_path/Frameworks",
					"@loader_path/Frameworks",
				);
				PRODUCT_BUNDLE_IDENTIFIER = shohag.Deinitialization;
				PRODUCT_NAME = "$(TARGET_NAME:c99extidentifier)";
				SKIP_INSTALL = YES;
				SWIFT_VERSION = 5.0;
				TARGETED_DEVICE_FAMILY = "1,2";
			};
			name = Release;
		};
		89C6B57D240E565D00524C07 /* Debug */ = {
			isa = XCBuildConfiguration;
			buildSettings = {
				ALWAYS_EMBED_SWIFT_STANDARD_LIBRARIES = YES;
				CODE_SIGN_STYLE = Automatic;
				INFOPLIST_FILE = DeinitializationTests/Info.plist;
				LD_RUNPATH_SEARCH_PATHS = (
					"$(inherited)",
					"@executable_path/Frameworks",
					"@loader_path/Frameworks",
				);
				PRODUCT_BUNDLE_IDENTIFIER = shohag.DeinitializationTests;
				PRODUCT_NAME = "$(TARGET_NAME)";
				SWIFT_VERSION = 5.0;
				TARGETED_DEVICE_FAMILY = "1,2";
			};
			name = Debug;
		};
		89C6B57E240E565D00524C07 /* Release */ = {
			isa = XCBuildConfiguration;
			buildSettings = {
				ALWAYS_EMBED_SWIFT_STANDARD_LIBRARIES = YES;
				CODE_SIGN_STYLE = Automatic;
				INFOPLIST_FILE = DeinitializationTests/Info.plist;
				LD_RUNPATH_SEARCH_PATHS = (
					"$(inherited)",
					"@executable_path/Frameworks",
					"@loader_path/Frameworks",
				);
				PRODUCT_BUNDLE_IDENTIFIER = shohag.DeinitializationTests;
				PRODUCT_NAME = "$(TARGET_NAME)";
				SWIFT_VERSION = 5.0;
				TARGETED_DEVICE_FAMILY = "1,2";
			};
			name = Release;
		};
/* End XCBuildConfiguration section */

/* Begin XCConfigurationList section */
		89C6B55F240E565D00524C07 /* Build configuration list for PBXProject "Deinitialization" */ = {
			isa = XCConfigurationList;
			buildConfigurations = (
				89C6B577240E565D00524C07 /* Debug */,
				89C6B578240E565D00524C07 /* Release */,
			);
			defaultConfigurationIsVisible = 0;
			defaultConfigurationName = Release;
		};
		89C6B579240E565D00524C07 /* Build configuration list for PBXNativeTarget "Deinitialization" */ = {
			isa = XCConfigurationList;
			buildConfigurations = (
				89C6B57A240E565D00524C07 /* Debug */,
				89C6B57B240E565D00524C07 /* Release */,
			);
			defaultConfigurationIsVisible = 0;
			defaultConfigurationName = Release;
		};
		89C6B57C240E565D00524C07 /* Build configuration list for PBXNativeTarget "DeinitializationTests" */ = {
			isa = XCConfigurationList;
			buildConfigurations = (
				89C6B57D240E565D00524C07 /* Debug */,
				89C6B57E240E565D00524C07 /* Release */,
			);
			defaultConfigurationIsVisible = 0;
			defaultConfigurationName = Release;
		};
/* End XCConfigurationList section */
	};
	rootObject = 89C6B55C240E565D00524C07 /* Project object */;
}
